
Microsoft Visual Studio Solution File, Format Version 12.00
# Visual Studio 2012
Project("{FAE04EC0-301F-11D3-BF4B-00C04F79EFBC}") = "final_project", "final_project\final_project.csproj", "{1E649EA7-0382-4F08-AC9B-3AA2A08CADFC}"
EndProject
Global
	GlobalSection(SolutionConfigurationPlatforms) = preSolution
		Debug|Any CPU = Debug|Any CPU
		Release|Any CPU = Release|Any CPU
	EndGlobalSection
	GlobalSection(ProjectConfigurationPlatforms) = postSolution
		{1E649EA7-0382-4F08-AC9B-3AA2A08CADFC}.Debug|Any CPU.ActiveCfg = Debug|Any CPU
		{1E649EA7-0382-4F08-AC9B-3AA2A08CADFC}.Debug|Any CPU.Build.0 = Debug|Any CPU
		{1E649EA7-0382-4F08-AC9B-3AA2A08CADFC}.Release|Any CPU.ActiveCfg = Release|Any CPU
		{1E649EA7-0382-4F08-AC9B-3AA2A08CADFC}.Release|Any CPU.Build.0 = Release|Any CPU
	EndGlobalSection
	GlobalSection(SolutionProperties) = preSolution
		HideSolutionNode = FALSE
	EndGlobalSection
EndGlobal
